// !$*UTF8*$!
{
	archiveVersion = 1;
	classes = {
	};
	objectVersion = 56;
	objects = {

/* Begin PBXBuildFile section */
		3938D25F2B477F7F00330094 /* UISetupProtocol.swift in Sources */ = {isa = PBXBuildFile; fileRef = 3938D25E2B477F7F00330094 /* UISetupProtocol.swift */; };
		394A16A82B3D967000875A02 /* ViewControllerProtocol.swift in Sources */ = {isa = PBXBuildFile; fileRef = 394A16A72B3D967000875A02 /* ViewControllerProtocol.swift */; };
		394A16AC2B3D983300875A02 /* ViewModelProtocol.swift in Sources */ = {isa = PBXBuildFile; fileRef = 394A16AB2B3D983300875A02 /* ViewModelProtocol.swift */; };
		394A16AE2B3D99B400875A02 /* InputOutputProtocol.swift in Sources */ = {isa = PBXBuildFile; fileRef = 394A16AD2B3D99B400875A02 /* InputOutputProtocol.swift */; };
		394A16B02B3D9C9C00875A02 /* ViewProtocol.swift in Sources */ = {isa = PBXBuildFile; fileRef = 394A16AF2B3D9C9C00875A02 /* ViewProtocol.swift */; };
		394A16B42B3D9D0000875A02 /* ExampleProtocol.swift in Sources */ = {isa = PBXBuildFile; fileRef = 394A16B32B3D9D0000875A02 /* ExampleProtocol.swift */; };
		394A16B62B3D9DB500875A02 /* ModelProtocol.swift in Sources */ = {isa = PBXBuildFile; fileRef = 394A16B52B3D9DB500875A02 /* ModelProtocol.swift */; };
		394A16B82B3DA00000875A02 /* UIViewController+Ext.swift in Sources */ = {isa = PBXBuildFile; fileRef = 394A16B72B3DA00000875A02 /* UIViewController+Ext.swift */; };
		394A16BA2B3DA38900875A02 /* ViewModel.swift in Sources */ = {isa = PBXBuildFile; fileRef = 394A16B92B3DA38900875A02 /* ViewModel.swift */; };
		3951E6092B3AC31700D1A424 /* UIColor+Ext.swift in Sources */ = {isa = PBXBuildFile; fileRef = 3951E6082B3AC31700D1A424 /* UIColor+Ext.swift */; };
		3951E6102B3AC44500D1A424 /* ScreenIdentifier.swift in Sources */ = {isa = PBXBuildFile; fileRef = 3951E60F2B3AC44500D1A424 /* ScreenIdentifier.swift */; };
		3951E6122B3AC49100D1A424 /* CALayer+Ext.swift in Sources */ = {isa = PBXBuildFile; fileRef = 3951E6112B3AC49100D1A424 /* CALayer+Ext.swift */; };
		3951E6142B3AC4F500D1A424 /* UIView+Ext.swift in Sources */ = {isa = PBXBuildFile; fileRef = 3951E6132B3AC4F500D1A424 /* UIView+Ext.swift */; };
		3951E61A2B3AC98600D1A424 /* MessageView.swift in Sources */ = {isa = PBXBuildFile; fileRef = 3951E6192B3AC98600D1A424 /* MessageView.swift */; };
		39BD53C62B664B6B00ACEFB2 /* FontConstant.swift in Sources */ = {isa = PBXBuildFile; fileRef = 39BD53C52B664B6B00ACEFB2 /* FontConstant.swift */; };
		39BD53CA2B664C5600ACEFB2 /* UIFont+Ext.swift in Sources */ = {isa = PBXBuildFile; fileRef = 39BD53C92B664C5600ACEFB2 /* UIFont+Ext.swift */; };
		39BD53D02B664D3500ACEFB2 /* Roboto-Bold.ttf in Resources */ = {isa = PBXBuildFile; fileRef = 39BD53CC2B664D3500ACEFB2 /* Roboto-Bold.ttf */; };
		39BD53D12B664D3500ACEFB2 /* Roboto-Regular.ttf in Resources */ = {isa = PBXBuildFile; fileRef = 39BD53CD2B664D3500ACEFB2 /* Roboto-Regular.ttf */; };
		39BD53D22B664D3500ACEFB2 /* Roboto-Medium.ttf in Resources */ = {isa = PBXBuildFile; fileRef = 39BD53CE2B664D3500ACEFB2 /* Roboto-Medium.ttf */; };
		39BD53D32B664D3500ACEFB2 /* GodoB.otf in Resources */ = {isa = PBXBuildFile; fileRef = 39BD53CF2B664D3500ACEFB2 /* GodoB.otf */; };
		39BD53D52B664EF500ACEFB2 /* ColorConstant.swift in Sources */ = {isa = PBXBuildFile; fileRef = 39BD53D42B664EF500ACEFB2 /* ColorConstant.swift */; };
		39BD53D72B66666400ACEFB2 /* SymbolConstant.swift in Sources */ = {isa = PBXBuildFile; fileRef = 39BD53D62B66666400ACEFB2 /* SymbolConstant.swift */; };
		39BD53D92B666AFE00ACEFB2 /* UIImage+Ext.swift in Sources */ = {isa = PBXBuildFile; fileRef = 39BD53D82B666AFE00ACEFB2 /* UIImage+Ext.swift */; };
		39FB8CE42B31D602004CB22B /* AppDelegate.swift in Sources */ = {isa = PBXBuildFile; fileRef = 39FB8CE32B31D602004CB22B /* AppDelegate.swift */; };
		39FB8CE62B31D602004CB22B /* SceneDelegate.swift in Sources */ = {isa = PBXBuildFile; fileRef = 39FB8CE52B31D602004CB22B /* SceneDelegate.swift */; };
		39FB8CED2B31D603004CB22B /* Assets.xcassets in Resources */ = {isa = PBXBuildFile; fileRef = 39FB8CEC2B31D603004CB22B /* Assets.xcassets */; };
		39FB8CF02B31D603004CB22B /* LaunchScreen.storyboard in Resources */ = {isa = PBXBuildFile; fileRef = 39FB8CEE2B31D603004CB22B /* LaunchScreen.storyboard */; };
		39FB8CF82B31D78E004CB22B /* .gitignore in Resources */ = {isa = PBXBuildFile; fileRef = 39FB8CF72B31D78E004CB22B /* .gitignore */; };
		39FB8CFD2B31D9BB004CB22B /* SnapKit in Frameworks */ = {isa = PBXBuildFile; productRef = 39FB8CFC2B31D9BB004CB22B /* SnapKit */; };
		39FB8D1A2B31DB72004CB22B /* RxCocoa in Frameworks */ = {isa = PBXBuildFile; productRef = 39FB8D192B31DB72004CB22B /* RxCocoa */; };
		39FB8D1C2B31DB72004CB22B /* RxRelay in Frameworks */ = {isa = PBXBuildFile; productRef = 39FB8D1B2B31DB72004CB22B /* RxRelay */; };
		39FB8D1E2B31DB72004CB22B /* RxSwift in Frameworks */ = {isa = PBXBuildFile; productRef = 39FB8D1D2B31DB72004CB22B /* RxSwift */; };
		39FB8D232B31DE38004CB22B /* Then in Frameworks */ = {isa = PBXBuildFile; productRef = 39FB8D222B31DE38004CB22B /* Then */; };
		39FB8D262B31DE59004CB22B /* Alamofire in Frameworks */ = {isa = PBXBuildFile; productRef = 39FB8D252B31DE59004CB22B /* Alamofire */; };
		39FB8D292B31DEAD004CB22B /* SDWebImage in Frameworks */ = {isa = PBXBuildFile; productRef = 39FB8D282B31DEAD004CB22B /* SDWebImage */; };
		39FB8D2C2B31E0F0004CB22B /* .swiftlint.yml in Resources */ = {isa = PBXBuildFile; fileRef = 39FB8D2B2B31E0F0004CB22B /* .swiftlint.yml */; };
		39FB8D392B31E6B9004CB22B /* Preview.swift in Sources */ = {isa = PBXBuildFile; fileRef = 39FB8D382B31E6B9004CB22B /* Preview.swift */; };
		39FB8D3D2B31E78B004CB22B /* README.md in Resources */ = {isa = PBXBuildFile; fileRef = 39FB8D3C2B31E78B004CB22B /* README.md */; };
		39FB8D422B31EEC0004CB22B /* ViewController.swift in Sources */ = {isa = PBXBuildFile; fileRef = 39FB8D412B31EEC0004CB22B /* ViewController.swift */; };
		39FCE2142B3FDF1000927D45 /* AFService.swift in Sources */ = {isa = PBXBuildFile; fileRef = 39FCE2132B3FDF1000927D45 /* AFService.swift */; };
		39FCE2182B3FE08300927D45 /* AFServiceTests.swift in Sources */ = {isa = PBXBuildFile; fileRef = 39FCE2172B3FE08300927D45 /* AFServiceTests.swift */; };
		39FCE21D2B3FE8A200927D45 /* RxCocoa in Frameworks */ = {isa = PBXBuildFile; productRef = 39FCE21C2B3FE8A200927D45 /* RxCocoa */; };
		39FCE21F2B3FE8B500927D45 /* RxSwift in Frameworks */ = {isa = PBXBuildFile; productRef = 39FCE21E2B3FE8B500927D45 /* RxSwift */; };
		39FCE2212B3FE8BB00927D45 /* Alamofire in Frameworks */ = {isa = PBXBuildFile; productRef = 39FCE2202B3FE8BB00927D45 /* Alamofire */; };
		39FCE2232B3FE8CF00927D45 /* RxCocoa in Frameworks */ = {isa = PBXBuildFile; productRef = 39FCE2222B3FE8CF00927D45 /* RxCocoa */; };
		39FCE2252B3FE8CF00927D45 /* RxSwift in Frameworks */ = {isa = PBXBuildFile; productRef = 39FCE2242B3FE8CF00927D45 /* RxSwift */; };
		39FDF0052B33E95400C3C765 /* GuinTeam_Tests.swift in Sources */ = {isa = PBXBuildFile; fileRef = 39FDF0042B33E95400C3C765 /* GuinTeam_Tests.swift */; };
		39FDF0122B33E96500C3C765 /* GuinTeam_UITests.swift in Sources */ = {isa = PBXBuildFile; fileRef = 39FDF0112B33E96500C3C765 /* GuinTeam_UITests.swift */; };
		39FDF0142B33E96500C3C765 /* GuinTeam_UITestsLaunchTests.swift in Sources */ = {isa = PBXBuildFile; fileRef = 39FDF0132B33E96500C3C765 /* GuinTeam_UITestsLaunchTests.swift */; };
		39FDF01E2B33EC1400C3C765 /* BaseViewController.swift in Sources */ = {isa = PBXBuildFile; fileRef = 39FDF01D2B33EC1400C3C765 /* BaseViewController.swift */; };
		39FDF0222B33EE1300C3C765 /* BaseViewModel.swift in Sources */ = {isa = PBXBuildFile; fileRef = 39FDF0212B33EE1300C3C765 /* BaseViewModel.swift */; };
		39FDF0272B33F06900C3C765 /* BaseView.swift in Sources */ = {isa = PBXBuildFile; fileRef = 39FDF0262B33F06900C3C765 /* BaseView.swift */; };
		39FDF02D2B33FF9800C3C765 /* ActivityIndicatorView.swift in Sources */ = {isa = PBXBuildFile; fileRef = 39FDF02C2B33FF9800C3C765 /* ActivityIndicatorView.swift */; };
/* End PBXBuildFile section */

/* Begin PBXContainerItemProxy section */
		39FDF0062B33E95400C3C765 /* PBXContainerItemProxy */ = {
			isa = PBXContainerItemProxy;
			containerPortal = 39FB8CD82B31D602004CB22B /* Project object */;
			proxyType = 1;
			remoteGlobalIDString = 39FB8CDF2B31D602004CB22B;
			remoteInfo = "GuinTeam-iOS";
		};
		39FDF0152B33E96500C3C765 /* PBXContainerItemProxy */ = {
			isa = PBXContainerItemProxy;
			containerPortal = 39FB8CD82B31D602004CB22B /* Project object */;
			proxyType = 1;
			remoteGlobalIDString = 39FB8CDF2B31D602004CB22B;
			remoteInfo = "GuinTeam-iOS";
		};
/* End PBXContainerItemProxy section */

/* Begin PBXFileReference section */
		3938D25E2B477F7F00330094 /* UISetupProtocol.swift */ = {isa = PBXFileReference; lastKnownFileType = sourcecode.swift; path = UISetupProtocol.swift; sourceTree = "<group>"; };
		394A16A72B3D967000875A02 /* ViewControllerProtocol.swift */ = {isa = PBXFileReference; lastKnownFileType = sourcecode.swift; path = ViewControllerProtocol.swift; sourceTree = "<group>"; };
		394A16AB2B3D983300875A02 /* ViewModelProtocol.swift */ = {isa = PBXFileReference; lastKnownFileType = sourcecode.swift; path = ViewModelProtocol.swift; sourceTree = "<group>"; };
		394A16AD2B3D99B400875A02 /* InputOutputProtocol.swift */ = {isa = PBXFileReference; lastKnownFileType = sourcecode.swift; path = InputOutputProtocol.swift; sourceTree = "<group>"; };
		394A16AF2B3D9C9C00875A02 /* ViewProtocol.swift */ = {isa = PBXFileReference; lastKnownFileType = sourcecode.swift; path = ViewProtocol.swift; sourceTree = "<group>"; };
		394A16B32B3D9D0000875A02 /* ExampleProtocol.swift */ = {isa = PBXFileReference; lastKnownFileType = sourcecode.swift; path = ExampleProtocol.swift; sourceTree = "<group>"; };
		394A16B52B3D9DB500875A02 /* ModelProtocol.swift */ = {isa = PBXFileReference; lastKnownFileType = sourcecode.swift; path = ModelProtocol.swift; sourceTree = "<group>"; };
		394A16B72B3DA00000875A02 /* UIViewController+Ext.swift */ = {isa = PBXFileReference; lastKnownFileType = sourcecode.swift; path = "UIViewController+Ext.swift"; sourceTree = "<group>"; };
		394A16B92B3DA38900875A02 /* ViewModel.swift */ = {isa = PBXFileReference; lastKnownFileType = sourcecode.swift; path = ViewModel.swift; sourceTree = "<group>"; };
		3951E6082B3AC31700D1A424 /* UIColor+Ext.swift */ = {isa = PBXFileReference; lastKnownFileType = sourcecode.swift; path = "UIColor+Ext.swift"; sourceTree = "<group>"; };
		3951E60F2B3AC44500D1A424 /* ScreenIdentifier.swift */ = {isa = PBXFileReference; lastKnownFileType = sourcecode.swift; path = ScreenIdentifier.swift; sourceTree = "<group>"; };
		3951E6112B3AC49100D1A424 /* CALayer+Ext.swift */ = {isa = PBXFileReference; lastKnownFileType = sourcecode.swift; path = "CALayer+Ext.swift"; sourceTree = "<group>"; };
		3951E6132B3AC4F500D1A424 /* UIView+Ext.swift */ = {isa = PBXFileReference; lastKnownFileType = sourcecode.swift; path = "UIView+Ext.swift"; sourceTree = "<group>"; };
		3951E6192B3AC98600D1A424 /* MessageView.swift */ = {isa = PBXFileReference; lastKnownFileType = sourcecode.swift; path = MessageView.swift; sourceTree = "<group>"; };
		39BD53C52B664B6B00ACEFB2 /* FontConstant.swift */ = {isa = PBXFileReference; lastKnownFileType = sourcecode.swift; path = FontConstant.swift; sourceTree = "<group>"; };
		39BD53C92B664C5600ACEFB2 /* UIFont+Ext.swift */ = {isa = PBXFileReference; lastKnownFileType = sourcecode.swift; path = "UIFont+Ext.swift"; sourceTree = "<group>"; };
		39BD53CC2B664D3500ACEFB2 /* Roboto-Bold.ttf */ = {isa = PBXFileReference; lastKnownFileType = file; path = "Roboto-Bold.ttf"; sourceTree = "<group>"; };
		39BD53CD2B664D3500ACEFB2 /* Roboto-Regular.ttf */ = {isa = PBXFileReference; lastKnownFileType = file; path = "Roboto-Regular.ttf"; sourceTree = "<group>"; };
		39BD53CE2B664D3500ACEFB2 /* Roboto-Medium.ttf */ = {isa = PBXFileReference; lastKnownFileType = file; path = "Roboto-Medium.ttf"; sourceTree = "<group>"; };
		39BD53CF2B664D3500ACEFB2 /* GodoB.otf */ = {isa = PBXFileReference; lastKnownFileType = file; path = GodoB.otf; sourceTree = "<group>"; };
		39BD53D42B664EF500ACEFB2 /* ColorConstant.swift */ = {isa = PBXFileReference; lastKnownFileType = sourcecode.swift; path = ColorConstant.swift; sourceTree = "<group>"; };
		39BD53D62B66666400ACEFB2 /* SymbolConstant.swift */ = {isa = PBXFileReference; lastKnownFileType = sourcecode.swift; path = SymbolConstant.swift; sourceTree = "<group>"; };
		39BD53D82B666AFE00ACEFB2 /* UIImage+Ext.swift */ = {isa = PBXFileReference; lastKnownFileType = sourcecode.swift; path = "UIImage+Ext.swift"; sourceTree = "<group>"; };
		39FB8CE02B31D602004CB22B /* GuinTeam-iOS.app */ = {isa = PBXFileReference; explicitFileType = wrapper.application; includeInIndex = 0; path = "GuinTeam-iOS.app"; sourceTree = BUILT_PRODUCTS_DIR; };
		39FB8CE32B31D602004CB22B /* AppDelegate.swift */ = {isa = PBXFileReference; lastKnownFileType = sourcecode.swift; path = AppDelegate.swift; sourceTree = "<group>"; };
		39FB8CE52B31D602004CB22B /* SceneDelegate.swift */ = {isa = PBXFileReference; lastKnownFileType = sourcecode.swift; path = SceneDelegate.swift; sourceTree = "<group>"; };
		39FB8CEC2B31D603004CB22B /* Assets.xcassets */ = {isa = PBXFileReference; lastKnownFileType = folder.assetcatalog; path = Assets.xcassets; sourceTree = "<group>"; };
		39FB8CEF2B31D603004CB22B /* Base */ = {isa = PBXFileReference; lastKnownFileType = file.storyboard; name = Base; path = Base.lproj/LaunchScreen.storyboard; sourceTree = "<group>"; };
		39FB8CF12B31D603004CB22B /* Info.plist */ = {isa = PBXFileReference; lastKnownFileType = text.plist.xml; path = Info.plist; sourceTree = "<group>"; };
		39FB8CF72B31D78E004CB22B /* .gitignore */ = {isa = PBXFileReference; lastKnownFileType = text; path = .gitignore; sourceTree = "<group>"; };
		39FB8D2B2B31E0F0004CB22B /* .swiftlint.yml */ = {isa = PBXFileReference; lastKnownFileType = text.yaml; path = .swiftlint.yml; sourceTree = "<group>"; };
		39FB8D382B31E6B9004CB22B /* Preview.swift */ = {isa = PBXFileReference; lastKnownFileType = sourcecode.swift; path = Preview.swift; sourceTree = "<group>"; };
		39FB8D3C2B31E78B004CB22B /* README.md */ = {isa = PBXFileReference; lastKnownFileType = net.daringfireball.markdown; path = README.md; sourceTree = "<group>"; };
		39FB8D412B31EEC0004CB22B /* ViewController.swift */ = {isa = PBXFileReference; lastKnownFileType = sourcecode.swift; path = ViewController.swift; sourceTree = "<group>"; };
		39FCE2132B3FDF1000927D45 /* AFService.swift */ = {isa = PBXFileReference; lastKnownFileType = sourcecode.swift; path = AFService.swift; sourceTree = "<group>"; };
		39FCE2172B3FE08300927D45 /* AFServiceTests.swift */ = {isa = PBXFileReference; lastKnownFileType = sourcecode.swift; path = AFServiceTests.swift; sourceTree = "<group>"; };
		39FDF0022B33E95400C3C765 /* GuinTeam-Tests.xctest */ = {isa = PBXFileReference; explicitFileType = wrapper.cfbundle; includeInIndex = 0; path = "GuinTeam-Tests.xctest"; sourceTree = BUILT_PRODUCTS_DIR; };
		39FDF0042B33E95400C3C765 /* GuinTeam_Tests.swift */ = {isa = PBXFileReference; lastKnownFileType = sourcecode.swift; path = GuinTeam_Tests.swift; sourceTree = "<group>"; };
		39FDF00F2B33E96500C3C765 /* GuinTeam-UITests.xctest */ = {isa = PBXFileReference; explicitFileType = wrapper.cfbundle; includeInIndex = 0; path = "GuinTeam-UITests.xctest"; sourceTree = BUILT_PRODUCTS_DIR; };
		39FDF0112B33E96500C3C765 /* GuinTeam_UITests.swift */ = {isa = PBXFileReference; lastKnownFileType = sourcecode.swift; path = GuinTeam_UITests.swift; sourceTree = "<group>"; };
		39FDF0132B33E96500C3C765 /* GuinTeam_UITestsLaunchTests.swift */ = {isa = PBXFileReference; lastKnownFileType = sourcecode.swift; path = GuinTeam_UITestsLaunchTests.swift; sourceTree = "<group>"; };
		39FDF01D2B33EC1400C3C765 /* BaseViewController.swift */ = {isa = PBXFileReference; lastKnownFileType = sourcecode.swift; path = BaseViewController.swift; sourceTree = "<group>"; };
		39FDF0212B33EE1300C3C765 /* BaseViewModel.swift */ = {isa = PBXFileReference; lastKnownFileType = sourcecode.swift; path = BaseViewModel.swift; sourceTree = "<group>"; };
		39FDF0262B33F06900C3C765 /* BaseView.swift */ = {isa = PBXFileReference; lastKnownFileType = sourcecode.swift; path = BaseView.swift; sourceTree = "<group>"; };
		39FDF02C2B33FF9800C3C765 /* ActivityIndicatorView.swift */ = {isa = PBXFileReference; lastKnownFileType = sourcecode.swift; path = ActivityIndicatorView.swift; sourceTree = "<group>"; };
/* End PBXFileReference section */

/* Begin PBXFrameworksBuildPhase section */
		39FB8CDD2B31D602004CB22B /* Frameworks */ = {
			isa = PBXFrameworksBuildPhase;
			buildActionMask = 2147483647;
			files = (
				39FB8D1A2B31DB72004CB22B /* RxCocoa in Frameworks */,
				39FB8D262B31DE59004CB22B /* Alamofire in Frameworks */,
				39FB8CFD2B31D9BB004CB22B /* SnapKit in Frameworks */,
				39FB8D1E2B31DB72004CB22B /* RxSwift in Frameworks */,
				39FB8D232B31DE38004CB22B /* Then in Frameworks */,
				39FB8D1C2B31DB72004CB22B /* RxRelay in Frameworks */,
				39FB8D292B31DEAD004CB22B /* SDWebImage in Frameworks */,
			);
			runOnlyForDeploymentPostprocessing = 0;
		};
		39FDEFFF2B33E95400C3C765 /* Frameworks */ = {
			isa = PBXFrameworksBuildPhase;
			buildActionMask = 2147483647;
			files = (
				39FCE2212B3FE8BB00927D45 /* Alamofire in Frameworks */,
				39FCE21F2B3FE8B500927D45 /* RxSwift in Frameworks */,
				39FCE21D2B3FE8A200927D45 /* RxCocoa in Frameworks */,
			);
			runOnlyForDeploymentPostprocessing = 0;
		};
		39FDF00C2B33E96500C3C765 /* Frameworks */ = {
			isa = PBXFrameworksBuildPhase;
			buildActionMask = 2147483647;
			files = (
				39FCE2252B3FE8CF00927D45 /* RxSwift in Frameworks */,
				39FCE2232B3FE8CF00927D45 /* RxCocoa in Frameworks */,
			);
			runOnlyForDeploymentPostprocessing = 0;
		};
/* End PBXFrameworksBuildPhase section */

/* Begin PBXGroup section */
		394A16A62B3D966400875A02 /* Protocols */ = {
			isa = PBXGroup;
			children = (
				394A16A72B3D967000875A02 /* ViewControllerProtocol.swift */,
				394A16AF2B3D9C9C00875A02 /* ViewProtocol.swift */,
				3938D25E2B477F7F00330094 /* UISetupProtocol.swift */,
				394A16AB2B3D983300875A02 /* ViewModelProtocol.swift */,
				394A16AD2B3D99B400875A02 /* InputOutputProtocol.swift */,
				394A16B32B3D9D0000875A02 /* ExampleProtocol.swift */,
				394A16B52B3D9DB500875A02 /* ModelProtocol.swift */,
			);
			path = Protocols;
			sourceTree = "<group>";
		};
		3951E60A2B3AC36200D1A424 /* Test */ = {
			isa = PBXGroup;
			children = (
				3951E60B2B3AC37400D1A424 /* UITest */,
			);
			path = Test;
			sourceTree = "<group>";
		};
		3951E60B2B3AC37400D1A424 /* UITest */ = {
			isa = PBXGroup;
			children = (
				3951E60F2B3AC44500D1A424 /* ScreenIdentifier.swift */,
			);
			path = UITest;
			sourceTree = "<group>";
		};
		3951E6182B3AC6CB00D1A424 /* Objects */ = {
			isa = PBXGroup;
			children = (
				39FDF01D2B33EC1400C3C765 /* BaseViewController.swift */,
				39FDF0262B33F06900C3C765 /* BaseView.swift */,
				39FDF0212B33EE1300C3C765 /* BaseViewModel.swift */,
			);
			path = Objects;
			sourceTree = "<group>";
		};
		3951E61B2B3AC9B700D1A424 /* CustomViews */ = {
			isa = PBXGroup;
			children = (
				3951E6192B3AC98600D1A424 /* MessageView.swift */,
				39FDF02C2B33FF9800C3C765 /* ActivityIndicatorView.swift */,
			);
			path = CustomViews;
			sourceTree = "<group>";
		};
		39BD53CB2B664CCE00ACEFB2 /* Fonts */ = {
			isa = PBXGroup;
			children = (
				39BD53CF2B664D3500ACEFB2 /* GodoB.otf */,
				39BD53CC2B664D3500ACEFB2 /* Roboto-Bold.ttf */,
				39BD53CE2B664D3500ACEFB2 /* Roboto-Medium.ttf */,
				39BD53CD2B664D3500ACEFB2 /* Roboto-Regular.ttf */,
			);
			path = Fonts;
			sourceTree = "<group>";
		};
		39FB8CD72B31D602004CB22B = {
			isa = PBXGroup;
			children = (
				39FB8D3C2B31E78B004CB22B /* README.md */,
				39FB8D2B2B31E0F0004CB22B /* .swiftlint.yml */,
				39FB8CF72B31D78E004CB22B /* .gitignore */,
				39FB8CE22B31D602004CB22B /* GuinTeam-iOS */,
				39FDF0032B33E95400C3C765 /* GuinTeam-Tests */,
				39FDF0102B33E96500C3C765 /* GuinTeam-UITests */,
				39FB8CE12B31D602004CB22B /* Products */,
				39FCE2192B3FE89E00927D45 /* Frameworks */,
			);
			sourceTree = "<group>";
		};
		39FB8CE12B31D602004CB22B /* Products */ = {
			isa = PBXGroup;
			children = (
				39FB8CE02B31D602004CB22B /* GuinTeam-iOS.app */,
				39FDF0022B33E95400C3C765 /* GuinTeam-Tests.xctest */,
				39FDF00F2B33E96500C3C765 /* GuinTeam-UITests.xctest */,
			);
			name = Products;
			sourceTree = "<group>";
		};
		39FB8CE22B31D602004CB22B /* GuinTeam-iOS */ = {
			isa = PBXGroup;
			children = (
				39FB8CE32B31D602004CB22B /* AppDelegate.swift */,
				39FB8CE52B31D602004CB22B /* SceneDelegate.swift */,
				39FB8D2D2B31E4DB004CB22B /* Main */,
				39FDF01A2B33EA9800C3C765 /* Base */,
				39FB8D2E2B31E4E4004CB22B /* Utils */,
				3951E60A2B3AC36200D1A424 /* Test */,
				39FB8D2F2B31E4EE004CB22B /* Extensions */,
				39FB8D312B31E52E004CB22B /* Resources */,
				39FB8CEE2B31D603004CB22B /* LaunchScreen.storyboard */,
				39FB8CF12B31D603004CB22B /* Info.plist */,
			);
			path = "GuinTeam-iOS";
			sourceTree = "<group>";
		};
		39FB8D2D2B31E4DB004CB22B /* Main */ = {
			isa = PBXGroup;
			children = (
				39FB8D412B31EEC0004CB22B /* ViewController.swift */,
				394A16B92B3DA38900875A02 /* ViewModel.swift */,
				3951E61B2B3AC9B700D1A424 /* CustomViews */,
			);
			path = Main;
			sourceTree = "<group>";
		};
		39FB8D2E2B31E4E4004CB22B /* Utils */ = {
			isa = PBXGroup;
			children = (
				39FB8D382B31E6B9004CB22B /* Preview.swift */,
				39FCE2132B3FDF1000927D45 /* AFService.swift */,
				39BD53C52B664B6B00ACEFB2 /* FontConstant.swift */,
				39BD53D42B664EF500ACEFB2 /* ColorConstant.swift */,
				39BD53D62B66666400ACEFB2 /* SymbolConstant.swift */,
			);
			path = Utils;
			sourceTree = "<group>";
		};
		39FB8D2F2B31E4EE004CB22B /* Extensions */ = {
			isa = PBXGroup;
			children = (
				3951E6082B3AC31700D1A424 /* UIColor+Ext.swift */,
				3951E6112B3AC49100D1A424 /* CALayer+Ext.swift */,
				3951E6132B3AC4F500D1A424 /* UIView+Ext.swift */,
				394A16B72B3DA00000875A02 /* UIViewController+Ext.swift */,
				39BD53C92B664C5600ACEFB2 /* UIFont+Ext.swift */,
				39BD53D82B666AFE00ACEFB2 /* UIImage+Ext.swift */,
			);
			path = Extensions;
			sourceTree = "<group>";
		};
		39FB8D312B31E52E004CB22B /* Resources */ = {
			isa = PBXGroup;
			children = (
				39BD53CB2B664CCE00ACEFB2 /* Fonts */,
				39FB8CEC2B31D603004CB22B /* Assets.xcassets */,
			);
			path = Resources;
			sourceTree = "<group>";
		};
		39FCE2192B3FE89E00927D45 /* Frameworks */ = {
			isa = PBXGroup;
			children = (
			);
			name = Frameworks;
			sourceTree = "<group>";
		};
		39FDF0032B33E95400C3C765 /* GuinTeam-Tests */ = {
			isa = PBXGroup;
			children = (
				39FDF0042B33E95400C3C765 /* GuinTeam_Tests.swift */,
				39FCE2172B3FE08300927D45 /* AFServiceTests.swift */,
			);
			path = "GuinTeam-Tests";
			sourceTree = "<group>";
		};
		39FDF0102B33E96500C3C765 /* GuinTeam-UITests */ = {
			isa = PBXGroup;
			children = (
				39FDF0112B33E96500C3C765 /* GuinTeam_UITests.swift */,
				39FDF0132B33E96500C3C765 /* GuinTeam_UITestsLaunchTests.swift */,
			);
			path = "GuinTeam-UITests";
			sourceTree = "<group>";
		};
		39FDF01A2B33EA9800C3C765 /* Base */ = {
			isa = PBXGroup;
			children = (
				394A16A62B3D966400875A02 /* Protocols */,
				3951E6182B3AC6CB00D1A424 /* Objects */,
			);
			path = Base;
			sourceTree = "<group>";
		};
/* End PBXGroup section */

/* Begin PBXNativeTarget section */
		39FB8CDF2B31D602004CB22B /* GuinTeam-iOS */ = {
			isa = PBXNativeTarget;
			buildConfigurationList = 39FB8CF42B31D603004CB22B /* Build configuration list for PBXNativeTarget "GuinTeam-iOS" */;
			buildPhases = (
				39FB8CDC2B31D602004CB22B /* Sources */,
				39FB8CDD2B31D602004CB22B /* Frameworks */,
				39FB8CDE2B31D602004CB22B /* Resources */,
				39FB8D2A2B31DF56004CB22B /* SwiftLint */,
			);
			buildRules = (
			);
			dependencies = (
			);
			name = "GuinTeam-iOS";
			packageProductDependencies = (
				39FB8CFC2B31D9BB004CB22B /* SnapKit */,
				39FB8D192B31DB72004CB22B /* RxCocoa */,
				39FB8D1B2B31DB72004CB22B /* RxRelay */,
				39FB8D1D2B31DB72004CB22B /* RxSwift */,
				39FB8D222B31DE38004CB22B /* Then */,
				39FB8D252B31DE59004CB22B /* Alamofire */,
				39FB8D282B31DEAD004CB22B /* SDWebImage */,
			);
			productName = "GuinTeam-iOS";
			productReference = 39FB8CE02B31D602004CB22B /* GuinTeam-iOS.app */;
			productType = "com.apple.product-type.application";
		};
		39FDF0012B33E95400C3C765 /* GuinTeam-Tests */ = {
			isa = PBXNativeTarget;
			buildConfigurationList = 39FDF0082B33E95400C3C765 /* Build configuration list for PBXNativeTarget "GuinTeam-Tests" */;
			buildPhases = (
				39FDEFFE2B33E95400C3C765 /* Sources */,
				39FDEFFF2B33E95400C3C765 /* Frameworks */,
				39FDF0002B33E95400C3C765 /* Resources */,
			);
			buildRules = (
			);
			dependencies = (
				39FDF0072B33E95400C3C765 /* PBXTargetDependency */,
			);
			name = "GuinTeam-Tests";
			packageProductDependencies = (
				39FCE21C2B3FE8A200927D45 /* RxCocoa */,
				39FCE21E2B3FE8B500927D45 /* RxSwift */,
				39FCE2202B3FE8BB00927D45 /* Alamofire */,
			);
			productName = "GuinTeam-Tests";
			productReference = 39FDF0022B33E95400C3C765 /* GuinTeam-Tests.xctest */;
			productType = "com.apple.product-type.bundle.unit-test";
		};
		39FDF00E2B33E96500C3C765 /* GuinTeam-UITests */ = {
			isa = PBXNativeTarget;
			buildConfigurationList = 39FDF0172B33E96500C3C765 /* Build configuration list for PBXNativeTarget "GuinTeam-UITests" */;
			buildPhases = (
				39FDF00B2B33E96500C3C765 /* Sources */,
				39FDF00C2B33E96500C3C765 /* Frameworks */,
				39FDF00D2B33E96500C3C765 /* Resources */,
			);
			buildRules = (
			);
			dependencies = (
				39FDF0162B33E96500C3C765 /* PBXTargetDependency */,
			);
			name = "GuinTeam-UITests";
			packageProductDependencies = (
				39FCE2222B3FE8CF00927D45 /* RxCocoa */,
				39FCE2242B3FE8CF00927D45 /* RxSwift */,
			);
			productName = "GuinTeam-UITests";
			productReference = 39FDF00F2B33E96500C3C765 /* GuinTeam-UITests.xctest */;
			productType = "com.apple.product-type.bundle.ui-testing";
		};
/* End PBXNativeTarget section */

/* Begin PBXProject section */
		39FB8CD82B31D602004CB22B /* Project object */ = {
			isa = PBXProject;
			attributes = {
				BuildIndependentTargetsInParallel = 1;
				LastSwiftUpdateCheck = 1510;
				LastUpgradeCheck = 1510;
				TargetAttributes = {
					39FB8CDF2B31D602004CB22B = {
						CreatedOnToolsVersion = 15.1;
					};
					39FDF0012B33E95400C3C765 = {
						CreatedOnToolsVersion = 15.1;
						TestTargetID = 39FB8CDF2B31D602004CB22B;
					};
					39FDF00E2B33E96500C3C765 = {
						CreatedOnToolsVersion = 15.1;
						TestTargetID = 39FB8CDF2B31D602004CB22B;
					};
				};
			};
			buildConfigurationList = 39FB8CDB2B31D602004CB22B /* Build configuration list for PBXProject "GuinTeam-iOS" */;
			compatibilityVersion = "Xcode 14.0";
			developmentRegion = ko;
			hasScannedForEncodings = 0;
			knownRegions = (
				en,
				Base,
				ko,
			);
			mainGroup = 39FB8CD72B31D602004CB22B;
			packageReferences = (
				39FB8CFB2B31D9BB004CB22B /* XCRemoteSwiftPackageReference "SnapKit" */,
				39FB8D162B31DB72004CB22B /* XCRemoteSwiftPackageReference "RxSwift" */,
				39FB8D212B31DE38004CB22B /* XCRemoteSwiftPackageReference "Then" */,
				39FB8D242B31DE59004CB22B /* XCRemoteSwiftPackageReference "Alamofire" */,
				39FB8D272B31DEAD004CB22B /* XCRemoteSwiftPackageReference "SDWebImage" */,
			);
			productRefGroup = 39FB8CE12B31D602004CB22B /* Products */;
			projectDirPath = "";
			projectRoot = "";
			targets = (
				39FB8CDF2B31D602004CB22B /* GuinTeam-iOS */,
				39FDF0012B33E95400C3C765 /* GuinTeam-Tests */,
				39FDF00E2B33E96500C3C765 /* GuinTeam-UITests */,
			);
		};
/* End PBXProject section */

/* Begin PBXResourcesBuildPhase section */
		39FB8CDE2B31D602004CB22B /* Resources */ = {
			isa = PBXResourcesBuildPhase;
			buildActionMask = 2147483647;
			files = (
				39BD53D22B664D3500ACEFB2 /* Roboto-Medium.ttf in Resources */,
				39BD53D32B664D3500ACEFB2 /* GodoB.otf in Resources */,
				39FB8D2C2B31E0F0004CB22B /* .swiftlint.yml in Resources */,
				39BD53D12B664D3500ACEFB2 /* Roboto-Regular.ttf in Resources */,
				39FB8CF82B31D78E004CB22B /* .gitignore in Resources */,
				39BD53D02B664D3500ACEFB2 /* Roboto-Bold.ttf in Resources */,
				39FB8D3D2B31E78B004CB22B /* README.md in Resources */,
				39FB8CF02B31D603004CB22B /* LaunchScreen.storyboard in Resources */,
				39FB8CED2B31D603004CB22B /* Assets.xcassets in Resources */,
			);
			runOnlyForDeploymentPostprocessing = 0;
		};
		39FDF0002B33E95400C3C765 /* Resources */ = {
			isa = PBXResourcesBuildPhase;
			buildActionMask = 2147483647;
			files = (
			);
			runOnlyForDeploymentPostprocessing = 0;
		};
		39FDF00D2B33E96500C3C765 /* Resources */ = {
			isa = PBXResourcesBuildPhase;
			buildActionMask = 2147483647;
			files = (
			);
			runOnlyForDeploymentPostprocessing = 0;
		};
/* End PBXResourcesBuildPhase section */

/* Begin PBXShellScriptBuildPhase section */
		39FB8D2A2B31DF56004CB22B /* SwiftLint */ = {
			isa = PBXShellScriptBuildPhase;
			buildActionMask = 2147483647;
			files = (
			);
			inputFileListPaths = (
			);
			inputPaths = (
			);
			name = SwiftLint;
			outputFileListPaths = (
			);
			outputPaths = (
			);
			runOnlyForDeploymentPostprocessing = 0;
			shellPath = /bin/sh;
			shellScript = "if [[ \"$(uname -m)\" == arm64 ]]; then\n    export PATH=\"/opt/homebrew/bin:$PATH\"\nfi\n\nif which swiftlint > /dev/null; then\n  swiftlint\nelse\n  echo \"warning: SwiftLint not installed, download from https://github.com/realm/SwiftLint\"\nfi\n";
		};
/* End PBXShellScriptBuildPhase section */

/* Begin PBXSourcesBuildPhase section */
		39FB8CDC2B31D602004CB22B /* Sources */ = {
			isa = PBXSourcesBuildPhase;
			buildActionMask = 2147483647;
			files = (
				3951E6102B3AC44500D1A424 /* ScreenIdentifier.swift in Sources */,
				39FB8CE42B31D602004CB22B /* AppDelegate.swift in Sources */,
				394A16B82B3DA00000875A02 /* UIViewController+Ext.swift in Sources */,
				3951E6142B3AC4F500D1A424 /* UIView+Ext.swift in Sources */,
				394A16A82B3D967000875A02 /* ViewControllerProtocol.swift in Sources */,
				39FB8CE62B31D602004CB22B /* SceneDelegate.swift in Sources */,
				3938D25F2B477F7F00330094 /* UISetupProtocol.swift in Sources */,
				394A16B42B3D9D0000875A02 /* ExampleProtocol.swift in Sources */,
				39BD53C62B664B6B00ACEFB2 /* FontConstant.swift in Sources */,
				39FDF0222B33EE1300C3C765 /* BaseViewModel.swift in Sources */,
				39FB8D422B31EEC0004CB22B /* ViewController.swift in Sources */,
				3951E61A2B3AC98600D1A424 /* MessageView.swift in Sources */,
				39FDF01E2B33EC1400C3C765 /* BaseViewController.swift in Sources */,
				39FDF0272B33F06900C3C765 /* BaseView.swift in Sources */,
				39FCE2142B3FDF1000927D45 /* AFService.swift in Sources */,
				3951E6092B3AC31700D1A424 /* UIColor+Ext.swift in Sources */,
				394A16BA2B3DA38900875A02 /* ViewModel.swift in Sources */,
				39BD53D52B664EF500ACEFB2 /* ColorConstant.swift in Sources */,
				3951E6122B3AC49100D1A424 /* CALayer+Ext.swift in Sources */,
				394A16AE2B3D99B400875A02 /* InputOutputProtocol.swift in Sources */,
				39BD53CA2B664C5600ACEFB2 /* UIFont+Ext.swift in Sources */,
				39BD53D92B666AFE00ACEFB2 /* UIImage+Ext.swift in Sources */,
				39FDF02D2B33FF9800C3C765 /* ActivityIndicatorView.swift in Sources */,
				39BD53D72B66666400ACEFB2 /* SymbolConstant.swift in Sources */,
				39FB8D392B31E6B9004CB22B /* Preview.swift in Sources */,
				394A16B02B3D9C9C00875A02 /* ViewProtocol.swift in Sources */,
				394A16B62B3D9DB500875A02 /* ModelProtocol.swift in Sources */,
				394A16AC2B3D983300875A02 /* ViewModelProtocol.swift in Sources */,
			);
			runOnlyForDeploymentPostprocessing = 0;
		};
		39FDEFFE2B33E95400C3C765 /* Sources */ = {
			isa = PBXSourcesBuildPhase;
			buildActionMask = 2147483647;
			files = (
				39FCE2182B3FE08300927D45 /* AFServiceTests.swift in Sources */,
				39FDF0052B33E95400C3C765 /* GuinTeam_Tests.swift in Sources */,
			);
			runOnlyForDeploymentPostprocessing = 0;
		};
		39FDF00B2B33E96500C3C765 /* Sources */ = {
			isa = PBXSourcesBuildPhase;
			buildActionMask = 2147483647;
			files = (
				39FDF0142B33E96500C3C765 /* GuinTeam_UITestsLaunchTests.swift in Sources */,
				39FDF0122B33E96500C3C765 /* GuinTeam_UITests.swift in Sources */,
			);
			runOnlyForDeploymentPostprocessing = 0;
		};
/* End PBXSourcesBuildPhase section */

/* Begin PBXTargetDependency section */
		39FDF0072B33E95400C3C765 /* PBXTargetDependency */ = {
			isa = PBXTargetDependency;
			target = 39FB8CDF2B31D602004CB22B /* GuinTeam-iOS */;
			targetProxy = 39FDF0062B33E95400C3C765 /* PBXContainerItemProxy */;
		};
		39FDF0162B33E96500C3C765 /* PBXTargetDependency */ = {
			isa = PBXTargetDependency;
			target = 39FB8CDF2B31D602004CB22B /* GuinTeam-iOS */;
			targetProxy = 39FDF0152B33E96500C3C765 /* PBXContainerItemProxy */;
		};
/* End PBXTargetDependency section */

/* Begin PBXVariantGroup section */
		39FB8CEE2B31D603004CB22B /* LaunchScreen.storyboard */ = {
			isa = PBXVariantGroup;
			children = (
				39FB8CEF2B31D603004CB22B /* Base */,
			);
			name = LaunchScreen.storyboard;
			sourceTree = "<group>";
		};
/* End PBXVariantGroup section */

/* Begin XCBuildConfiguration section */
		39FB8CF22B31D603004CB22B /* Debug */ = {
			isa = XCBuildConfiguration;
			buildSettings = {
				ALWAYS_SEARCH_USER_PATHS = NO;
				ASSETCATALOG_COMPILER_GENERATE_SWIFT_ASSET_SYMBOL_EXTENSIONS = YES;
				CLANG_ANALYZER_LOCALIZABILITY_NONLOCALIZED = YES;
				CLANG_ANALYZER_NONNULL = YES;
				CLANG_ANALYZER_NUMBER_OBJECT_CONVERSION = YES_AGGRESSIVE;
				CLANG_CXX_LANGUAGE_STANDARD = "gnu++20";
				CLANG_ENABLE_MODULES = YES;
				CLANG_ENABLE_OBJC_ARC = YES;
				CLANG_ENABLE_OBJC_WEAK = YES;
				CLANG_WARN_BLOCK_CAPTURE_AUTORELEASING = YES;
				CLANG_WARN_BOOL_CONVERSION = YES;
				CLANG_WARN_COMMA = YES;
				CLANG_WARN_CONSTANT_CONVERSION = YES;
				CLANG_WARN_DEPRECATED_OBJC_IMPLEMENTATIONS = YES;
				CLANG_WARN_DIRECT_OBJC_ISA_USAGE = YES_ERROR;
				CLANG_WARN_DOCUMENTATION_COMMENTS = YES;
				CLANG_WARN_EMPTY_BODY = YES;
				CLANG_WARN_ENUM_CONVERSION = YES;
				CLANG_WARN_INFINITE_RECURSION = YES;
				CLANG_WARN_INT_CONVERSION = YES;
				CLANG_WARN_NON_LITERAL_NULL_CONVERSION = YES;
				CLANG_WARN_OBJC_IMPLICIT_RETAIN_SELF = YES;
				CLANG_WARN_OBJC_LITERAL_CONVERSION = YES;
				CLANG_WARN_OBJC_ROOT_CLASS = YES_ERROR;
				CLANG_WARN_QUOTED_INCLUDE_IN_FRAMEWORK_HEADER = YES;
				CLANG_WARN_RANGE_LOOP_ANALYSIS = YES;
				CLANG_WARN_STRICT_PROTOTYPES = YES;
				CLANG_WARN_SUSPICIOUS_MOVE = YES;
				CLANG_WARN_UNGUARDED_AVAILABILITY = YES_AGGRESSIVE;
				CLANG_WARN_UNREACHABLE_CODE = YES;
				CLANG_WARN__DUPLICATE_METHOD_MATCH = YES;
				COPY_PHASE_STRIP = NO;
				DEBUG_INFORMATION_FORMAT = dwarf;
				ENABLE_STRICT_OBJC_MSGSEND = YES;
				ENABLE_TESTABILITY = YES;
				ENABLE_TESTING_SEARCH_PATHS = YES;
				ENABLE_USER_SCRIPT_SANDBOXING = YES;
				GCC_C_LANGUAGE_STANDARD = gnu17;
				GCC_DYNAMIC_NO_PIC = NO;
				GCC_NO_COMMON_BLOCKS = YES;
				GCC_OPTIMIZATION_LEVEL = 0;
				GCC_PREPROCESSOR_DEFINITIONS = (
					"DEBUG=1",
					"$(inherited)",
				);
				GCC_WARN_64_TO_32_BIT_CONVERSION = YES;
				GCC_WARN_ABOUT_RETURN_TYPE = YES_ERROR;
				GCC_WARN_UNDECLARED_SELECTOR = YES;
				GCC_WARN_UNINITIALIZED_AUTOS = YES_AGGRESSIVE;
				GCC_WARN_UNUSED_FUNCTION = YES;
				GCC_WARN_UNUSED_VARIABLE = YES;
				IPHONEOS_DEPLOYMENT_TARGET = 15.0;
				LOCALIZATION_PREFERS_STRING_CATALOGS = YES;
				MTL_ENABLE_DEBUG_INFO = INCLUDE_SOURCE;
				MTL_FAST_MATH = YES;
				ONLY_ACTIVE_ARCH = YES;
				SDKROOT = iphoneos;
				SWIFT_ACTIVE_COMPILATION_CONDITIONS = "DEBUG $(inherited)";
				SWIFT_OPTIMIZATION_LEVEL = "-Onone";
			};
			name = Debug;
		};
		39FB8CF32B31D603004CB22B /* Release */ = {
			isa = XCBuildConfiguration;
			buildSettings = {
				ALWAYS_SEARCH_USER_PATHS = NO;
				ASSETCATALOG_COMPILER_GENERATE_SWIFT_ASSET_SYMBOL_EXTENSIONS = YES;
				CLANG_ANALYZER_LOCALIZABILITY_NONLOCALIZED = YES;
				CLANG_ANALYZER_NONNULL = YES;
				CLANG_ANALYZER_NUMBER_OBJECT_CONVERSION = YES_AGGRESSIVE;
				CLANG_CXX_LANGUAGE_STANDARD = "gnu++20";
				CLANG_ENABLE_MODULES = YES;
				CLANG_ENABLE_OBJC_ARC = YES;
				CLANG_ENABLE_OBJC_WEAK = YES;
				CLANG_WARN_BLOCK_CAPTURE_AUTORELEASING = YES;
				CLANG_WARN_BOOL_CONVERSION = YES;
				CLANG_WARN_COMMA = YES;
				CLANG_WARN_CONSTANT_CONVERSION = YES;
				CLANG_WARN_DEPRECATED_OBJC_IMPLEMENTATIONS = YES;
				CLANG_WARN_DIRECT_OBJC_ISA_USAGE = YES_ERROR;
				CLANG_WARN_DOCUMENTATION_COMMENTS = YES;
				CLANG_WARN_EMPTY_BODY = YES;
				CLANG_WARN_ENUM_CONVERSION = YES;
				CLANG_WARN_INFINITE_RECURSION = YES;
				CLANG_WARN_INT_CONVERSION = YES;
				CLANG_WARN_NON_LITERAL_NULL_CONVERSION = YES;
				CLANG_WARN_OBJC_IMPLICIT_RETAIN_SELF = YES;
				CLANG_WARN_OBJC_LITERAL_CONVERSION = YES;
				CLANG_WARN_OBJC_ROOT_CLASS = YES_ERROR;
				CLANG_WARN_QUOTED_INCLUDE_IN_FRAMEWORK_HEADER = YES;
				CLANG_WARN_RANGE_LOOP_ANALYSIS = YES;
				CLANG_WARN_STRICT_PROTOTYPES = YES;
				CLANG_WARN_SUSPICIOUS_MOVE = YES;
				CLANG_WARN_UNGUARDED_AVAILABILITY = YES_AGGRESSIVE;
				CLANG_WARN_UNREACHABLE_CODE = YES;
				CLANG_WARN__DUPLICATE_METHOD_MATCH = YES;
				COPY_PHASE_STRIP = NO;
				DEBUG_INFORMATION_FORMAT = "dwarf-with-dsym";
				ENABLE_NS_ASSERTIONS = NO;
				ENABLE_STRICT_OBJC_MSGSEND = YES;
				ENABLE_TESTING_SEARCH_PATHS = YES;
				ENABLE_USER_SCRIPT_SANDBOXING = YES;
				GCC_C_LANGUAGE_STANDARD = gnu17;
				GCC_NO_COMMON_BLOCKS = YES;
				GCC_WARN_64_TO_32_BIT_CONVERSION = YES;
				GCC_WARN_ABOUT_RETURN_TYPE = YES_ERROR;
				GCC_WARN_UNDECLARED_SELECTOR = YES;
				GCC_WARN_UNINITIALIZED_AUTOS = YES_AGGRESSIVE;
				GCC_WARN_UNUSED_FUNCTION = YES;
				GCC_WARN_UNUSED_VARIABLE = YES;
				IPHONEOS_DEPLOYMENT_TARGET = 15.0;
				LOCALIZATION_PREFERS_STRING_CATALOGS = YES;
				MTL_ENABLE_DEBUG_INFO = NO;
				MTL_FAST_MATH = YES;
				SDKROOT = iphoneos;
				SWIFT_COMPILATION_MODE = wholemodule;
				VALIDATE_PRODUCT = YES;
			};
			name = Release;
		};
		39FB8CF52B31D603004CB22B /* Debug */ = {
			isa = XCBuildConfiguration;
			buildSettings = {
				ASSETCATALOG_COMPILER_APPICON_NAME = AppIcon;
				ASSETCATALOG_COMPILER_GLOBAL_ACCENT_COLOR_NAME = AccentColor;
				CODE_SIGN_IDENTITY = "Apple Development";
				"CODE_SIGN_IDENTITY[sdk=iphoneos*]" = "iPhone Developer";
				CODE_SIGN_STYLE = Manual;
				CURRENT_PROJECT_VERSION = 1;
				DEVELOPMENT_TEAM = "";
				"DEVELOPMENT_TEAM[sdk=iphoneos*]" = ZH5GA3W8UP;
				ENABLE_USER_SCRIPT_SANDBOXING = NO;
				GENERATE_INFOPLIST_FILE = YES;
				INFOPLIST_FILE = "GuinTeam-iOS/Info.plist";
				INFOPLIST_KEY_CFBundleDisplayName = "구인팀";
				INFOPLIST_KEY_UIApplicationSupportsIndirectInputEvents = YES;
				INFOPLIST_KEY_UILaunchStoryboardName = LaunchScreen;
				INFOPLIST_KEY_UISupportedInterfaceOrientations = UIInterfaceOrientationPortrait;
				INFOPLIST_KEY_UISupportedInterfaceOrientations_iPad = "UIInterfaceOrientationLandscapeLeft UIInterfaceOrientationLandscapeRight UIInterfaceOrientationPortrait";
				LD_RUNPATH_SEARCH_PATHS = (
					"$(inherited)",
					"@executable_path/Frameworks",
				);
				MARKETING_VERSION = 1.0;
				PRODUCT_BUNDLE_IDENTIFIER = "com.guin.GuinTeam-iOS";
				PRODUCT_NAME = "$(TARGET_NAME)";
				PROVISIONING_PROFILE_SPECIFIER = "";
				"PROVISIONING_PROFILE_SPECIFIER[sdk=iphoneos*]" = "Guin Team iOS Dev Provisioning Profile";
				SUPPORTED_PLATFORMS = "iphoneos iphonesimulator";
				SUPPORTS_MACCATALYST = NO;
				SUPPORTS_MAC_DESIGNED_FOR_IPHONE_IPAD = NO;
				SWIFT_EMIT_LOC_STRINGS = YES;
				SWIFT_VERSION = 5.0;
				TARGETED_DEVICE_FAMILY = 1;
			};
			name = Debug;
		};
		39FB8CF62B31D603004CB22B /* Release */ = {
			isa = XCBuildConfiguration;
			buildSettings = {
				ASSETCATALOG_COMPILER_APPICON_NAME = AppIcon;
				ASSETCATALOG_COMPILER_GLOBAL_ACCENT_COLOR_NAME = AccentColor;
				CODE_SIGN_IDENTITY = "Apple Development";
				"CODE_SIGN_IDENTITY[sdk=iphoneos*]" = "iPhone Developer";
				CODE_SIGN_STYLE = Manual;
				CURRENT_PROJECT_VERSION = 1;
				DEVELOPMENT_TEAM = "";
				"DEVELOPMENT_TEAM[sdk=iphoneos*]" = ZH5GA3W8UP;
				ENABLE_USER_SCRIPT_SANDBOXING = NO;
				GENERATE_INFOPLIST_FILE = YES;
				INFOPLIST_FILE = "GuinTeam-iOS/Info.plist";
				INFOPLIST_KEY_CFBundleDisplayName = "구인팀";
				INFOPLIST_KEY_UIApplicationSupportsIndirectInputEvents = YES;
				INFOPLIST_KEY_UILaunchStoryboardName = LaunchScreen;
				INFOPLIST_KEY_UISupportedInterfaceOrientations = UIInterfaceOrientationPortrait;
				INFOPLIST_KEY_UISupportedInterfaceOrientations_iPad = "UIInterfaceOrientationLandscapeLeft UIInterfaceOrientationLandscapeRight UIInterfaceOrientationPortrait";
				LD_RUNPATH_SEARCH_PATHS = (
					"$(inherited)",
					"@executable_path/Frameworks",
				);
				MARKETING_VERSION = 1.0;
				PRODUCT_BUNDLE_IDENTIFIER = "com.guin.GuinTeam-iOS";
				PRODUCT_NAME = "$(TARGET_NAME)";
				PROVISIONING_PROFILE_SPECIFIER = "";
				"PROVISIONING_PROFILE_SPECIFIER[sdk=iphoneos*]" = "Guin Team iOS Dev Provisioning Profile";
				SUPPORTED_PLATFORMS = "iphoneos iphonesimulator";
				SUPPORTS_MACCATALYST = NO;
				SUPPORTS_MAC_DESIGNED_FOR_IPHONE_IPAD = NO;
				SWIFT_EMIT_LOC_STRINGS = YES;
				SWIFT_VERSION = 5.0;
				TARGETED_DEVICE_FAMILY = 1;
			};
			name = Release;
		};
		39FDF0092B33E95400C3C765 /* Debug */ = {
			isa = XCBuildConfiguration;
			buildSettings = {
				BUNDLE_LOADER = "$(TEST_HOST)";
				CODE_SIGN_STYLE = Automatic;
				CURRENT_PROJECT_VERSION = 1;
				DEVELOPMENT_TEAM = ZH5GA3W8UP;
				ENABLE_USER_SCRIPT_SANDBOXING = NO;
				GENERATE_INFOPLIST_FILE = YES;
				IPHONEOS_DEPLOYMENT_TARGET = 15.0;
				MARKETING_VERSION = 1.0;
				PRODUCT_BUNDLE_IDENTIFIER = "com.guin.GuinTeam-Tests";
				PRODUCT_NAME = "$(TARGET_NAME)";
				SUPPORTED_PLATFORMS = "iphoneos iphonesimulator";
				SUPPORTS_MACCATALYST = NO;
				SUPPORTS_MAC_DESIGNED_FOR_IPHONE_IPAD = NO;
				SWIFT_EMIT_LOC_STRINGS = NO;
				SWIFT_VERSION = 5.0;
				TARGETED_DEVICE_FAMILY = 1;
				TEST_HOST = "$(BUILT_PRODUCTS_DIR)/GuinTeam-iOS.app/$(BUNDLE_EXECUTABLE_FOLDER_PATH)/GuinTeam-iOS";
			};
			name = Debug;
		};
		39FDF00A2B33E95400C3C765 /* Release */ = {
			isa = XCBuildConfiguration;
			buildSettings = {
				BUNDLE_LOADER = "$(TEST_HOST)";
				CODE_SIGN_STYLE = Automatic;
				CURRENT_PROJECT_VERSION = 1;
				DEVELOPMENT_TEAM = ZH5GA3W8UP;
				ENABLE_USER_SCRIPT_SANDBOXING = NO;
				GENERATE_INFOPLIST_FILE = YES;
				IPHONEOS_DEPLOYMENT_TARGET = 15.0;
				MARKETING_VERSION = 1.0;
				PRODUCT_BUNDLE_IDENTIFIER = "com.guin.GuinTeam-Tests";
				PRODUCT_NAME = "$(TARGET_NAME)";
				SUPPORTED_PLATFORMS = "iphoneos iphonesimulator";
				SUPPORTS_MACCATALYST = NO;
				SUPPORTS_MAC_DESIGNED_FOR_IPHONE_IPAD = NO;
				SWIFT_EMIT_LOC_STRINGS = NO;
				SWIFT_VERSION = 5.0;
				TARGETED_DEVICE_FAMILY = 1;
				TEST_HOST = "$(BUILT_PRODUCTS_DIR)/GuinTeam-iOS.app/$(BUNDLE_EXECUTABLE_FOLDER_PATH)/GuinTeam-iOS";
			};
			name = Release;
		};
		39FDF0182B33E96500C3C765 /* Debug */ = {
			isa = XCBuildConfiguration;
			buildSettings = {
				CODE_SIGN_STYLE = Automatic;
				CURRENT_PROJECT_VERSION = 1;
				DEVELOPMENT_TEAM = ZH5GA3W8UP;
				GENERATE_INFOPLIST_FILE = YES;
				IPHONEOS_DEPLOYMENT_TARGET = 15.0;
				MARKETING_VERSION = 1.0;
				PRODUCT_BUNDLE_IDENTIFIER = "com.guin.GuinTeam-UITests";
				PRODUCT_NAME = "$(TARGET_NAME)";
				SUPPORTED_PLATFORMS = "iphoneos iphonesimulator";
				SUPPORTS_MACCATALYST = NO;
				SUPPORTS_MAC_DESIGNED_FOR_IPHONE_IPAD = NO;
				SWIFT_EMIT_LOC_STRINGS = NO;
				SWIFT_VERSION = 5.0;
				TARGETED_DEVICE_FAMILY = 1;
				TEST_TARGET_NAME = "GuinTeam-iOS";
			};
			name = Debug;
		};
		39FDF0192B33E96500C3C765 /* Release */ = {
			isa = XCBuildConfiguration;
			buildSettings = {
				CODE_SIGN_STYLE = Automatic;
				CURRENT_PROJECT_VERSION = 1;
				DEVELOPMENT_TEAM = ZH5GA3W8UP;
				GENERATE_INFOPLIST_FILE = YES;
				IPHONEOS_DEPLOYMENT_TARGET = 15.0;
				MARKETING_VERSION = 1.0;
				PRODUCT_BUNDLE_IDENTIFIER = "com.guin.GuinTeam-UITests";
				PRODUCT_NAME = "$(TARGET_NAME)";
				SUPPORTED_PLATFORMS = "iphoneos iphonesimulator";
				SUPPORTS_MACCATALYST = NO;
				SUPPORTS_MAC_DESIGNED_FOR_IPHONE_IPAD = NO;
				SWIFT_EMIT_LOC_STRINGS = NO;
				SWIFT_VERSION = 5.0;
				TARGETED_DEVICE_FAMILY = 1;
				TEST_TARGET_NAME = "GuinTeam-iOS";
			};
			name = Release;
		};
/* End XCBuildConfiguration section */

/* Begin XCConfigurationList section */
		39FB8CDB2B31D602004CB22B /* Build configuration list for PBXProject "GuinTeam-iOS" */ = {
			isa = XCConfigurationList;
			buildConfigurations = (
				39FB8CF22B31D603004CB22B /* Debug */,
				39FB8CF32B31D603004CB22B /* Release */,
			);
			defaultConfigurationIsVisible = 0;
			defaultConfigurationName = Release;
		};
		39FB8CF42B31D603004CB22B /* Build configuration list for PBXNativeTarget "GuinTeam-iOS" */ = {
			isa = XCConfigurationList;
			buildConfigurations = (
				39FB8CF52B31D603004CB22B /* Debug */,
				39FB8CF62B31D603004CB22B /* Release */,
			);
			defaultConfigurationIsVisible = 0;
			defaultConfigurationName = Release;
		};
		39FDF0082B33E95400C3C765 /* Build configuration list for PBXNativeTarget "GuinTeam-Tests" */ = {
			isa = XCConfigurationList;
			buildConfigurations = (
				39FDF0092B33E95400C3C765 /* Debug */,
				39FDF00A2B33E95400C3C765 /* Release */,
			);
			defaultConfigurationIsVisible = 0;
			defaultConfigurationName = Release;
		};
		39FDF0172B33E96500C3C765 /* Build configuration list for PBXNativeTarget "GuinTeam-UITests" */ = {
			isa = XCConfigurationList;
			buildConfigurations = (
				39FDF0182B33E96500C3C765 /* Debug */,
				39FDF0192B33E96500C3C765 /* Release */,
			);
			defaultConfigurationIsVisible = 0;
			defaultConfigurationName = Release;
		};
/* End XCConfigurationList section */

/* Begin XCRemoteSwiftPackageReference section */
		39FB8CFB2B31D9BB004CB22B /* XCRemoteSwiftPackageReference "SnapKit" */ = {
			isa = XCRemoteSwiftPackageReference;
			repositoryURL = "git@github.com:SnapKit/SnapKit.git";
			requirement = {
				kind = upToNextMinorVersion;
				minimumVersion = 5.6.0;
			};
		};
		39FB8D162B31DB72004CB22B /* XCRemoteSwiftPackageReference "RxSwift" */ = {
			isa = XCRemoteSwiftPackageReference;
			repositoryURL = "git@github.com:ReactiveX/RxSwift.git";
			requirement = {
				kind = upToNextMinorVersion;
				minimumVersion = 6.6.0;
			};
		};
		39FB8D212B31DE38004CB22B /* XCRemoteSwiftPackageReference "Then" */ = {
			isa = XCRemoteSwiftPackageReference;
			repositoryURL = "git@github.com:devxoul/Then.git";
			requirement = {
				kind = upToNextMinorVersion;
				minimumVersion = 3.0.0;
			};
		};
		39FB8D242B31DE59004CB22B /* XCRemoteSwiftPackageReference "Alamofire" */ = {
			isa = XCRemoteSwiftPackageReference;
			repositoryURL = "git@github.com:Alamofire/Alamofire.git";
			requirement = {
				kind = upToNextMinorVersion;
				minimumVersion = 5.8.1;
			};
		};
		39FB8D272B31DEAD004CB22B /* XCRemoteSwiftPackageReference "SDWebImage" */ = {
			isa = XCRemoteSwiftPackageReference;
			repositoryURL = "git@github.com:SDWebImage/SDWebImage.git";
			requirement = {
				kind = upToNextMinorVersion;
				minimumVersion = 5.18.7;
			};
		};
/* End XCRemoteSwiftPackageReference section */

/* Begin XCSwiftPackageProductDependency section */
		39FB8CFC2B31D9BB004CB22B /* SnapKit */ = {
			isa = XCSwiftPackageProductDependency;
			package = 39FB8CFB2B31D9BB004CB22B /* XCRemoteSwiftPackageReference "SnapKit" */;
			productName = SnapKit;
		};
		39FB8D192B31DB72004CB22B /* RxCocoa */ = {
			isa = XCSwiftPackageProductDependency;
			package = 39FB8D162B31DB72004CB22B /* XCRemoteSwiftPackageReference "RxSwift" */;
			productName = RxCocoa;
		};
		39FB8D1B2B31DB72004CB22B /* RxRelay */ = {
			isa = XCSwiftPackageProductDependency;
			package = 39FB8D162B31DB72004CB22B /* XCRemoteSwiftPackageReference "RxSwift" */;
			productName = RxRelay;
		};
		39FB8D1D2B31DB72004CB22B /* RxSwift */ = {
			isa = XCSwiftPackageProductDependency;
			package = 39FB8D162B31DB72004CB22B /* XCRemoteSwiftPackageReference "RxSwift" */;
			productName = RxSwift;
		};
		39FB8D222B31DE38004CB22B /* Then */ = {
			isa = XCSwiftPackageProductDependency;
			package = 39FB8D212B31DE38004CB22B /* XCRemoteSwiftPackageReference "Then" */;
			productName = Then;
		};
		39FB8D252B31DE59004CB22B /* Alamofire */ = {
			isa = XCSwiftPackageProductDependency;
			package = 39FB8D242B31DE59004CB22B /* XCRemoteSwiftPackageReference "Alamofire" */;
			productName = Alamofire;
		};
		39FB8D282B31DEAD004CB22B /* SDWebImage */ = {
			isa = XCSwiftPackageProductDependency;
			package = 39FB8D272B31DEAD004CB22B /* XCRemoteSwiftPackageReference "SDWebImage" */;
			productName = SDWebImage;
		};
		39FCE21C2B3FE8A200927D45 /* RxCocoa */ = {
			isa = XCSwiftPackageProductDependency;
			package = 39FB8D162B31DB72004CB22B /* XCRemoteSwiftPackageReference "RxSwift" */;
			productName = RxCocoa;
		};
		39FCE21E2B3FE8B500927D45 /* RxSwift */ = {
			isa = XCSwiftPackageProductDependency;
			package = 39FB8D162B31DB72004CB22B /* XCRemoteSwiftPackageReference "RxSwift" */;
			productName = RxSwift;
		};
		39FCE2202B3FE8BB00927D45 /* Alamofire */ = {
			isa = XCSwiftPackageProductDependency;
			package = 39FB8D242B31DE59004CB22B /* XCRemoteSwiftPackageReference "Alamofire" */;
			productName = Alamofire;
		};
		39FCE2222B3FE8CF00927D45 /* RxCocoa */ = {
			isa = XCSwiftPackageProductDependency;
			package = 39FB8D162B31DB72004CB22B /* XCRemoteSwiftPackageReference "RxSwift" */;
			productName = RxCocoa;
		};
		39FCE2242B3FE8CF00927D45 /* RxSwift */ = {
			isa = XCSwiftPackageProductDependency;
			package = 39FB8D162B31DB72004CB22B /* XCRemoteSwiftPackageReference "RxSwift" */;
			productName = RxSwift;
		};
/* End XCSwiftPackageProductDependency section */
	};
	rootObject = 39FB8CD82B31D602004CB22B /* Project object */;
}
